PODS:
  - Kiwi (2.0.6)
  - OCMock (2.1.1)
  - VLBFoundation (1.0)

DEPENDENCIES:
  - Kiwi (~> 2.0.6)
  - OCMock (~> 2.1.1)
  - VLBFoundation

SPEC CHECKSUMS:
  Kiwi: ab67b6c2030d257e3ac64c9f4c3e3c4acc97f213
  OCMock: add4220c4527115d16e40a21dab18cb6f829d476
  VLBFoundation: af522a9bc9fc7d873a404e146de351178446ca13

PODFILE CHECKSUM: 2790541e691fa99ab6ae4577e07f90ce7a49fc70

COCOAPODS: 1.2.0
